{
  "name": "MyTool",
  "lockfileVersion": 3,
  "requires": true,
  "packages": {
    "": {
      "dependencies": {
        "@yizhiyanhua-ai/fireworks-tech-graph": "^1.0.4"
      }
    },
    "node_modules/@yizhiyanhua-ai/fireworks-tech-graph": {
      "version": "1.0.4",
      "resolved": "https://registry.npmmirror.com/@yizhiyanhua-ai/fireworks-tech-graph/-/fireworks-tech-graph-1.0.4.tgz",
      "integrity": "sha512-51DDNz/l06+mv8EXXcDXrrPXNdX2KNnm89k/4/nJZFJ2dxTgu2/sYcoCfDFQT6NW9gNlQf3dkorPkN91H0+K5A==",
      "license": "MIT",
      "engines": {
        "node": ">=14.0.0"
      }
    }
  }
}
